
Microsoft Visual Studio Solution File, Format Version 12.00
# Visual Studio Version 17
VisualStudioVersion = 17.6.33717.318
MinimumVisualStudioVersion = 10.0.40219.1
Project("{2150E333-8FDC-42A3-9474-1A3956D46DE8}") = "1-App", "1-App", "{71B92051-52CF-4746-80F8-ADDB31925F8D}"
EndProject
Project("{2150E333-8FDC-42A3-9474-1A3956D46DE8}") = "2-Dominio", "2-Dominio", "{E6DFB943-E058-43ED-B049-DA849766149E}"
EndProject
Project("{2150E333-8FDC-42A3-9474-1A3956D46DE8}") = "3-Infra", "3-Infra", "{54472323-A8EB-4C65-BE2F-587E61546538}"
EndProject
Project("{9A19103F-16F7-4668-BE54-9A1E7A4F7556}") = "VC.PorterGroup.TestePratico", "src\VC.PorterGroup.TestePratico\VC.PorterGroup.TestePratico.csproj", "{82055A0C-A3E9-4332-B898-A4751B387CFE}"
EndProject
Project("{9A19103F-16F7-4668-BE54-9A1E7A4F7556}") = "VC.PorterGroup.TestePratico.NumeroPorExtenso.Dominio", "src\VC.PorterGroup.TestePratico.NumeroPorExtenso.Dominio\VC.PorterGroup.TestePratico.NumeroPorExtenso.Dominio.csproj", "{6C9148A8-484F-4EF9-AD1A-5E76F5C59FA5}"
EndProject
Project("{9A19103F-16F7-4668-BE54-9A1E7A4F7556}") = "VC.PorterGroup.TestePratico.Infra.Core", "src\VC.PorterGroup.TestePratico.Infra.Core\VC.PorterGroup.TestePratico.Infra.Core.csproj", "{2C6C3224-794A-4FD4-A8DF-6DE70B02AF64}"
EndProject
Project("{FAE04EC0-301F-11D3-BF4B-00C04F79EFBC}") = "VC.PorterGroup.TestePratico.NumeroPorExtenso.Dominio.Servico", "src\VC.PorterGroup.TestePratico.NumeroPorExtenso.Dominio.Servico\VC.PorterGroup.TestePratico.NumeroPorExtenso.Dominio.Servico.csproj", "{FA29F398-2B29-4423-9F56-E19C69D28282}"
EndProject
Project("{FAE04EC0-301F-11D3-BF4B-00C04F79EFBC}") = "VC.PorterGroup.TestePratico.NumeroPorExtenso.Dominio.Teste", "test\VC.PorterGroup.TestePratico.NumeroPorExtenso.Dominio.Teste\VC.PorterGroup.TestePratico.NumeroPorExtenso.Dominio.Teste.csproj", "{096657E0-F98F-4398-9873-D0AD96029443}"
EndProject
Project("{2150E333-8FDC-42A3-9474-1A3956D46DE8}") = "NumeroPorExtenso", "NumeroPorExtenso", "{872DF6A0-DD51-45BC-A891-150EC3EE71C8}"
EndProject
Project("{2150E333-8FDC-42A3-9474-1A3956D46DE8}") = "SomaDeArray", "SomaDeArray", "{783B11E5-F11D-4D0D-9AA1-08EEFD667310}"
EndProject
Project("{FAE04EC0-301F-11D3-BF4B-00C04F79EFBC}") = "VC.PorterGroup.TestePratico.SomaDeArray.Dominio.Teste", "test\VC.PorterGroup.TestePratico.SomaDeArray.Dominio.Teste\VC.PorterGroup.TestePratico.SomaDeArray.Dominio.Teste.csproj", "{FD61638D-0BFE-4114-8C95-3FA7FFAFB508}"
EndProject
Project("{FAE04EC0-301F-11D3-BF4B-00C04F79EFBC}") = "VC.PorterGroup.TestePratico.SomaDeArray.Dominio.Servico", "src\VC.PorterGroup.TestePratico.SomaDeArray.Dominio.Servico\VC.PorterGroup.TestePratico.SomaDeArray.Dominio.Servico.csproj", "{4EA3EEE8-6C3C-4DF7-8836-BDA5E96B190D}"
EndProject
Global
	GlobalSection(SolutionConfigurationPlatforms) = preSolution
		Debug|Any CPU = Debug|Any CPU
		Release|Any CPU = Release|Any CPU
	EndGlobalSection
	GlobalSection(ProjectConfigurationPlatforms) = postSolution
		{82055A0C-A3E9-4332-B898-A4751B387CFE}.Debug|Any CPU.ActiveCfg = Debug|Any CPU
		{82055A0C-A3E9-4332-B898-A4751B387CFE}.Debug|Any CPU.Build.0 = Debug|Any CPU
		{82055A0C-A3E9-4332-B898-A4751B387CFE}.Release|Any CPU.ActiveCfg = Release|Any CPU
		{82055A0C-A3E9-4332-B898-A4751B387CFE}.Release|Any CPU.Build.0 = Release|Any CPU
		{6C9148A8-484F-4EF9-AD1A-5E76F5C59FA5}.Debug|Any CPU.ActiveCfg = Debug|Any CPU
		{6C9148A8-484F-4EF9-AD1A-5E76F5C59FA5}.Debug|Any CPU.Build.0 = Debug|Any CPU
		{6C9148A8-484F-4EF9-AD1A-5E76F5C59FA5}.Release|Any CPU.ActiveCfg = Release|Any CPU
		{6C9148A8-484F-4EF9-AD1A-5E76F5C59FA5}.Release|Any CPU.Build.0 = Release|Any CPU
		{2C6C3224-794A-4FD4-A8DF-6DE70B02AF64}.Debug|Any CPU.ActiveCfg = Debug|Any CPU
		{2C6C3224-794A-4FD4-A8DF-6DE70B02AF64}.Debug|Any CPU.Build.0 = Debug|Any CPU
		{2C6C3224-794A-4FD4-A8DF-6DE70B02AF64}.Release|Any CPU.ActiveCfg = Release|Any CPU
		{2C6C3224-794A-4FD4-A8DF-6DE70B02AF64}.Release|Any CPU.Build.0 = Release|Any CPU
		{FA29F398-2B29-4423-9F56-E19C69D28282}.Debug|Any CPU.ActiveCfg = Debug|Any CPU
		{FA29F398-2B29-4423-9F56-E19C69D28282}.Debug|Any CPU.Build.0 = Debug|Any CPU
		{FA29F398-2B29-4423-9F56-E19C69D28282}.Release|Any CPU.ActiveCfg = Release|Any CPU
		{FA29F398-2B29-4423-9F56-E19C69D28282}.Release|Any CPU.Build.0 = Release|Any CPU
		{096657E0-F98F-4398-9873-D0AD96029443}.Debug|Any CPU.ActiveCfg = Debug|Any CPU
		{096657E0-F98F-4398-9873-D0AD96029443}.Debug|Any CPU.Build.0 = Debug|Any CPU
		{096657E0-F98F-4398-9873-D0AD96029443}.Release|Any CPU.ActiveCfg = Release|Any CPU
		{096657E0-F98F-4398-9873-D0AD96029443}.Release|Any CPU.Build.0 = Release|Any CPU
		{FD61638D-0BFE-4114-8C95-3FA7FFAFB508}.Debug|Any CPU.ActiveCfg = Debug|Any CPU
		{FD61638D-0BFE-4114-8C95-3FA7FFAFB508}.Debug|Any CPU.Build.0 = Debug|Any CPU
		{FD61638D-0BFE-4114-8C95-3FA7FFAFB508}.Release|Any CPU.ActiveCfg = Release|Any CPU
		{FD61638D-0BFE-4114-8C95-3FA7FFAFB508}.Release|Any CPU.Build.0 = Release|Any CPU
		{4EA3EEE8-6C3C-4DF7-8836-BDA5E96B190D}.Debug|Any CPU.ActiveCfg = Debug|Any CPU
		{4EA3EEE8-6C3C-4DF7-8836-BDA5E96B190D}.Debug|Any CPU.Build.0 = Debug|Any CPU
		{4EA3EEE8-6C3C-4DF7-8836-BDA5E96B190D}.Release|Any CPU.ActiveCfg = Release|Any CPU
		{4EA3EEE8-6C3C-4DF7-8836-BDA5E96B190D}.Release|Any CPU.Build.0 = Release|Any CPU
	EndGlobalSection
	GlobalSection(SolutionProperties) = preSolution
		HideSolutionNode = FALSE
	EndGlobalSection
	GlobalSection(NestedProjects) = preSolution
		{82055A0C-A3E9-4332-B898-A4751B387CFE} = {71B92051-52CF-4746-80F8-ADDB31925F8D}
		{6C9148A8-484F-4EF9-AD1A-5E76F5C59FA5} = {872DF6A0-DD51-45BC-A891-150EC3EE71C8}
		{2C6C3224-794A-4FD4-A8DF-6DE70B02AF64} = {54472323-A8EB-4C65-BE2F-587E61546538}
		{FA29F398-2B29-4423-9F56-E19C69D28282} = {872DF6A0-DD51-45BC-A891-150EC3EE71C8}
		{096657E0-F98F-4398-9873-D0AD96029443} = {872DF6A0-DD51-45BC-A891-150EC3EE71C8}
		{872DF6A0-DD51-45BC-A891-150EC3EE71C8} = {E6DFB943-E058-43ED-B049-DA849766149E}
		{783B11E5-F11D-4D0D-9AA1-08EEFD667310} = {E6DFB943-E058-43ED-B049-DA849766149E}
		{FD61638D-0BFE-4114-8C95-3FA7FFAFB508} = {783B11E5-F11D-4D0D-9AA1-08EEFD667310}
		{4EA3EEE8-6C3C-4DF7-8836-BDA5E96B190D} = {783B11E5-F11D-4D0D-9AA1-08EEFD667310}
	EndGlobalSection
	GlobalSection(ExtensibilityGlobals) = postSolution
		SolutionGuid = {9C2CB1F6-4B06-40C4-A627-A0857CF736E0}
	EndGlobalSection
EndGlobal
